// !$*UTF8*$!
{
	archiveVersion = 1;
	classes = {
	};
	objectVersion = 77;
	objects = {

/* Begin PBXBuildFile section */
		568AC16F8D4A14E9DAA188BB /* ProgressCalculator.swift in Sources */ = {isa = PBXBuildFile; fileRef = 40777FA8DE80B2413040DF48 /* ProgressCalculator.swift */; };
		63BDD97C67A7D5246ACFBFE4 /* GoalzWidgetExtension.appex in Embed App Extensions */ = {isa = PBXBuildFile; fileRef = 73EAE064541ABB6EA726874F /* GoalzWidgetExtension.appex */; };
		6C148A069A6CE2A17B06FD2F /* Goal.swift in Sources */ = {isa = PBXBuildFile; fileRef = 4D82825D5F648FDECEE97C28 /* Goal.swift */; };
		8C4FC3C8B292118157D7F51C /* GoalStore.swift in Sources */ = {isa = PBXBuildFile; fileRef = 02882F5478ABA78B5942CEBC /* GoalStore.swift */; };
		8FA488F9660802C2B8E3319D /* GoalTheme.swift in Sources */ = {isa = PBXBuildFile; fileRef = 1E09558911EB71BD622E7480 /* GoalTheme.swift */; };
		8FD9FCBD2B1D16C0600B928C /* GoalzWidgetBundle.swift in Sources */ = {isa = PBXBuildFile; fileRef = 88DC5EF4F4D27C655D5560E6 /* GoalzWidgetBundle.swift */; };
		D4A6FC410856F2CB63A5F452 /* GoalzWidget.swift in Sources */ = {isa = PBXBuildFile; fileRef = 0B165C6986F4A13C85CDC42B /* GoalzWidget.swift */; };
		E3277B52100F375178E20C87 /* GoalSnapshot.swift in Sources */ = {isa = PBXBuildFile; fileRef = F84E600BFA1769C825323316 /* GoalSnapshot.swift */; };
/* End PBXBuildFile section */

/* Begin PBXContainerItemProxy section */
		2820896836D58C2FCB26BE6F /* PBXContainerItemProxy */ = {
			isa = PBXContainerItemProxy;
			containerPortal = AFDFC8642F8A953C00B4CEE5 /* Project object */;
			proxyType = 1;
			remoteGlobalIDString = 9B1172A5F7011F0AC30A20C8;
			remoteInfo = GoalzWidgetExtension;
		};
/* End PBXContainerItemProxy section */

/* Begin PBXCopyFilesBuildPhase section */
		58D371F6716A763BBB0104F0 /* Embed App Extensions */ = {
			isa = PBXCopyFilesBuildPhase;
			buildActionMask = 2147483647;
			dstPath = "";
			dstSubfolderSpec = 13;
			files = (
				63BDD97C67A7D5246ACFBFE4 /* GoalzWidgetExtension.appex in Embed App Extensions */,
			);
			name = "Embed App Extensions";
			runOnlyForDeploymentPostprocessing = 0;
		};
/* End PBXCopyFilesBuildPhase section */

/* Begin PBXFileReference section */
		02882F5478ABA78B5942CEBC /* GoalStore.swift */ = {isa = PBXFileReference; includeInIndex = 1; lastKnownFileType = sourcecode.swift; name = GoalStore.swift; path = Goalz/Shared/GoalStore.swift; sourceTree = "<group>"; };
		0B165C6986F4A13C85CDC42B /* GoalzWidget.swift */ = {isa = PBXFileReference; includeInIndex = 1; lastKnownFileType = sourcecode.swift; name = GoalzWidget.swift; path = GoalzWidget/GoalzWidget.swift; sourceTree = "<group>"; };
		109A7C4735A081F67DDFB701 /* Info.plist */ = {isa = PBXFileReference; includeInIndex = 1; lastKnownFileType = text.plist.xml; name = Info.plist; path = GoalzWidget/Info.plist; sourceTree = "<group>"; };
		1E09558911EB71BD622E7480 /* GoalTheme.swift */ = {isa = PBXFileReference; includeInIndex = 1; lastKnownFileType = sourcecode.swift; name = GoalTheme.swift; path = Goalz/Shared/GoalTheme.swift; sourceTree = "<group>"; };
		40777FA8DE80B2413040DF48 /* ProgressCalculator.swift */ = {isa = PBXFileReference; includeInIndex = 1; lastKnownFileType = sourcecode.swift; name = ProgressCalculator.swift; path = Goalz/Shared/ProgressCalculator.swift; sourceTree = "<group>"; };
		4D82825D5F648FDECEE97C28 /* Goal.swift */ = {isa = PBXFileReference; includeInIndex = 1; lastKnownFileType = sourcecode.swift; name = Goal.swift; path = Goalz/Shared/Goal.swift; sourceTree = "<group>"; };
		73EAE064541ABB6EA726874F /* GoalzWidgetExtension.appex */ = {isa = PBXFileReference; explicitFileType = "wrapper.app-extension"; includeInIndex = 0; path = GoalzWidgetExtension.appex; sourceTree = BUILT_PRODUCTS_DIR; };
		805EC278E4B1894A6AB07714 /* GoalzWidget.entitlements */ = {isa = PBXFileReference; includeInIndex = 1; lastKnownFileType = text.plist.entitlements; name = GoalzWidget.entitlements; path = GoalzWidget/GoalzWidget.entitlements; sourceTree = "<group>"; };
		88DC5EF4F4D27C655D5560E6 /* GoalzWidgetBundle.swift */ = {isa = PBXFileReference; includeInIndex = 1; lastKnownFileType = sourcecode.swift; name = GoalzWidgetBundle.swift; path = GoalzWidget/GoalzWidgetBundle.swift; sourceTree = "<group>"; };
		AFDFC86C2F8A953C00B4CEE5 /* Goalz.app */ = {isa = PBXFileReference; explicitFileType = wrapper.application; includeInIndex = 0; path = Goalz.app; sourceTree = BUILT_PRODUCTS_DIR; };
		F84E600BFA1769C825323316 /* GoalSnapshot.swift */ = {isa = PBXFileReference; includeInIndex = 1; lastKnownFileType = sourcecode.swift; name = GoalSnapshot.swift; path = Goalz/Shared/GoalSnapshot.swift; sourceTree = "<group>"; };
/* End PBXFileReference section */

/* Begin PBXFileSystemSynchronizedRootGroup section */
		AFDFC86E2F8A953C00B4CEE5 /* Goalz */ = {
			isa = PBXFileSystemSynchronizedRootGroup;
			path = Goalz;
			sourceTree = "<group>";
		};
/* End PBXFileSystemSynchronizedRootGroup section */

/* Begin PBXFrameworksBuildPhase section */
		AFDFC8692F8A953C00B4CEE5 /* Frameworks */ = {
			isa = PBXFrameworksBuildPhase;
			buildActionMask = 2147483647;
			files = (
			);
			runOnlyForDeploymentPostprocessing = 0;
		};
		B50D9EA08D5DCBB4777A8568 /* Frameworks */ = {
			isa = PBXFrameworksBuildPhase;
			buildActionMask = 2147483647;
			files = (
			);
			runOnlyForDeploymentPostprocessing = 0;
		};
/* End PBXFrameworksBuildPhase section */

/* Begin PBXGroup section */
		2177F5A474BCC93675D60B95 /* SharedCore */ = {
			isa = PBXGroup;
			children = (
				4D82825D5F648FDECEE97C28 /* Goal.swift */,
				1E09558911EB71BD622E7480 /* GoalTheme.swift */,
				F84E600BFA1769C825323316 /* GoalSnapshot.swift */,
				02882F5478ABA78B5942CEBC /* GoalStore.swift */,
				40777FA8DE80B2413040DF48 /* ProgressCalculator.swift */,
			);
			name = SharedCore;
			sourceTree = "<group>";
		};
		ADB67F25DD348CEB649AA222 /* GoalzWidget */ = {
			isa = PBXGroup;
			children = (
				88DC5EF4F4D27C655D5560E6 /* GoalzWidgetBundle.swift */,
				0B165C6986F4A13C85CDC42B /* GoalzWidget.swift */,
				109A7C4735A081F67DDFB701 /* Info.plist */,
				805EC278E4B1894A6AB07714 /* GoalzWidget.entitlements */,
				2177F5A474BCC93675D60B95 /* SharedCore */,
			);
			name = GoalzWidget;
			sourceTree = "<group>";
		};
		AFDFC8632F8A953C00B4CEE5 = {
			isa = PBXGroup;
			children = (
				AFDFC86E2F8A953C00B4CEE5 /* Goalz */,
				AFDFC86D2F8A953C00B4CEE5 /* Products */,
				ADB67F25DD348CEB649AA222 /* GoalzWidget */,
			);
			sourceTree = "<group>";
		};
		AFDFC86D2F8A953C00B4CEE5 /* Products */ = {
			isa = PBXGroup;
			children = (
				AFDFC86C2F8A953C00B4CEE5 /* Goalz.app */,
				73EAE064541ABB6EA726874F /* GoalzWidgetExtension.appex */,
			);
			name = Products;
			sourceTree = "<group>";
		};
/* End PBXGroup section */

/* Begin PBXNativeTarget section */
		9B1172A5F7011F0AC30A20C8 /* GoalzWidgetExtension */ = {
			isa = PBXNativeTarget;
			buildConfigurationList = 0130A86D1A6A6EB4EBF4D8ED /* Build configuration list for PBXNativeTarget "GoalzWidgetExtension" */;
			buildPhases = (
				727FEFA08F2B6B62D2D1EB2A /* Sources */,
				B50D9EA08D5DCBB4777A8568 /* Frameworks */,
				6F508596181BC178237C7EFA /* Resources */,
			);
			buildRules = (
			);
			dependencies = (
			);
			name = GoalzWidgetExtension;
			productName = GoalzWidgetExtension;
			productReference = 73EAE064541ABB6EA726874F /* GoalzWidgetExtension.appex */;
			productType = "com.apple.product-type.app-extension";
		};
		AFDFC86B2F8A953C00B4CEE5 /* Goalz */ = {
			isa = PBXNativeTarget;
			buildConfigurationList = AFDFC8772F8A953D00B4CEE5 /* Build configuration list for PBXNativeTarget "Goalz" */;
			buildPhases = (
				AFDFC8682F8A953C00B4CEE5 /* Sources */,
				AFDFC8692F8A953C00B4CEE5 /* Frameworks */,
				AFDFC86A2F8A953C00B4CEE5 /* Resources */,
				58D371F6716A763BBB0104F0 /* Embed App Extensions */,
			);
			buildRules = (
			);
			dependencies = (
				B199B8E283555CAA7134574B /* PBXTargetDependency */,
			);
			fileSystemSynchronizedGroups = (
				AFDFC86E2F8A953C00B4CEE5 /* Goalz */,
			);
			name = Goalz;
			productName = Goalz;
			productReference = AFDFC86C2F8A953C00B4CEE5 /* Goalz.app */;
			productType = "com.apple.product-type.application";
		};
/* End PBXNativeTarget section */

/* Begin PBXProject section */
		AFDFC8642F8A953C00B4CEE5 /* Project object */ = {
			isa = PBXProject;
			attributes = {
				BuildIndependentTargetsInParallel = 1;
				LastSwiftUpdateCheck = 2630;
				LastUpgradeCheck = 2630;
				TargetAttributes = {
					AFDFC86B2F8A953C00B4CEE5 = {
						CreatedOnToolsVersion = 26.3;
					};
				};
			};
			buildConfigurationList = AFDFC8672F8A953C00B4CEE5 /* Build configuration list for PBXProject "Goalz" */;
			developmentRegion = en;
			hasScannedForEncodings = 0;
			knownRegions = (
				en,
				Base,
			);
			mainGroup = AFDFC8632F8A953C00B4CEE5;
			minimizedProjectReferenceProxies = 1;
			preferredProjectObjectVersion = 77;
			productRefGroup = AFDFC86D2F8A953C00B4CEE5 /* Products */;
			projectDirPath = "";
			projectRoot = "";
			targets = (
				AFDFC86B2F8A953C00B4CEE5 /* Goalz */,
				9B1172A5F7011F0AC30A20C8 /* GoalzWidgetExtension */,
			);
		};
/* End PBXProject section */

/* Begin PBXResourcesBuildPhase section */
		6F508596181BC178237C7EFA /* Resources */ = {
			isa = PBXResourcesBuildPhase;
			buildActionMask = 2147483647;
			files = (
			);
			runOnlyForDeploymentPostprocessing = 0;
		};
		AFDFC86A2F8A953C00B4CEE5 /* Resources */ = {
			isa = PBXResourcesBuildPhase;
			buildActionMask = 2147483647;
			files = (
			);
			runOnlyForDeploymentPostprocessing = 0;
		};
/* End PBXResourcesBuildPhase section */

/* Begin PBXSourcesBuildPhase section */
		727FEFA08F2B6B62D2D1EB2A /* Sources */ = {
			isa = PBXSourcesBuildPhase;
			buildActionMask = 2147483647;
			files = (
				8FD9FCBD2B1D16C0600B928C /* GoalzWidgetBundle.swift in Sources */,
				D4A6FC410856F2CB63A5F452 /* GoalzWidget.swift in Sources */,
				6C148A069A6CE2A17B06FD2F /* Goal.swift in Sources */,
				8FA488F9660802C2B8E3319D /* GoalTheme.swift in Sources */,
				E3277B52100F375178E20C87 /* GoalSnapshot.swift in Sources */,
				8C4FC3C8B292118157D7F51C /* GoalStore.swift in Sources */,
				568AC16F8D4A14E9DAA188BB /* ProgressCalculator.swift in Sources */,
			);
			runOnlyForDeploymentPostprocessing = 0;
		};
		AFDFC8682F8A953C00B4CEE5 /* Sources */ = {
			isa = PBXSourcesBuildPhase;
			buildActionMask = 2147483647;
			files = (
			);
			runOnlyForDeploymentPostprocessing = 0;
		};
/* End PBXSourcesBuildPhase section */

/* Begin PBXTargetDependency section */
		B199B8E283555CAA7134574B /* PBXTargetDependency */ = {
			isa = PBXTargetDependency;
			name = GoalzWidgetExtension;
			target = 9B1172A5F7011F0AC30A20C8 /* GoalzWidgetExtension */;
			targetProxy = 2820896836D58C2FCB26BE6F /* PBXContainerItemProxy */;
		};
/* End PBXTargetDependency section */

/* Begin XCBuildConfiguration section */
		8099E09B960FFC1B41922FB6 /* Release */ = {
			isa = XCBuildConfiguration;
			buildSettings = {
				APPLICATION_EXTENSION_API_ONLY = YES;
				CLANG_ENABLE_OBJC_WEAK = NO;
				CODE_SIGN_ENTITLEMENTS = GoalzWidget/GoalzWidget.entitlements;
				CODE_SIGN_STYLE = Automatic;
				CURRENT_PROJECT_VERSION = 1;
				DEVELOPMENT_LANGUAGE = en;
				DEVELOPMENT_TEAM = CCZZM834QS;
				GENERATE_INFOPLIST_FILE = NO;
				INFOPLIST_FILE = GoalzWidget/Info.plist;
				IPHONEOS_DEPLOYMENT_TARGET = 26.0;
				MARKETING_VERSION = 1.0;
				PRODUCT_BUNDLE_IDENTIFIER = com.ziro.goalzdots.iphone.GoalzWidgetExtension;
				PRODUCT_NAME = "$(TARGET_NAME)";
				SDKROOT = iphoneos;
				SKIP_INSTALL = YES;
				SWIFT_VERSION = 5.0;
				TARGETED_DEVICE_FAMILY = 1;
				VALIDATE_PRODUCT = YES;
			};
			name = Release;
		};
		A9BD25257CB2EED2380140F1 /* Debug */ = {
			isa = XCBuildConfiguration;
			buildSettings = {
				APPLICATION_EXTENSION_API_ONLY = YES;
				CLANG_ENABLE_OBJC_WEAK = NO;
				"CODE_SIGN_ALLOW_ENTITLEMENTS_MODIFICATION[sdk=iphonesimulator*]" = YES;
				CODE_SIGN_ENTITLEMENTS = GoalzWidget/GoalzWidget.entitlements;
				CODE_SIGN_STYLE = Automatic;
				CURRENT_PROJECT_VERSION = 1;
				DEVELOPMENT_LANGUAGE = en;
				DEVELOPMENT_TEAM = CCZZM834QS;
				GENERATE_INFOPLIST_FILE = NO;
				INFOPLIST_FILE = GoalzWidget/Info.plist;
				IPHONEOS_DEPLOYMENT_TARGET = 26.0;
				MARKETING_VERSION = 1.0;
				PRODUCT_BUNDLE_IDENTIFIER = com.ziro.goalzdots.iphone.GoalzWidgetExtension;
				PRODUCT_NAME = "$(TARGET_NAME)";
				SDKROOT = iphoneos;
				SKIP_INSTALL = YES;
				SWIFT_VERSION = 5.0;
				TARGETED_DEVICE_FAMILY = 1;
			};
			name = Debug;
		};
		AFDFC8752F8A953D00B4CEE5 /* Debug */ = {
			isa = XCBuildConfiguration;
			buildSettings = {
				ALWAYS_SEARCH_USER_PATHS = NO;
				ASSETCATALOG_COMPILER_GENERATE_SWIFT_ASSET_SYMBOL_EXTENSIONS = YES;
				CLANG_ANALYZER_NONNULL = YES;
				CLANG_ANALYZER_NUMBER_OBJECT_CONVERSION = YES_AGGRESSIVE;
				CLANG_CXX_LANGUAGE_STANDARD = "gnu++20";
				CLANG_ENABLE_MODULES = YES;
				CLANG_ENABLE_OBJC_ARC = YES;
				CLANG_ENABLE_OBJC_WEAK = YES;
				CLANG_WARN_BLOCK_CAPTURE_AUTORELEASING = YES;
				CLANG_WARN_BOOL_CONVERSION = YES;
				CLANG_WARN_COMMA = YES;
				CLANG_WARN_CONSTANT_CONVERSION = YES;
				CLANG_WARN_DEPRECATED_OBJC_IMPLEMENTATIONS = YES;
				CLANG_WARN_DIRECT_OBJC_ISA_USAGE = YES_ERROR;
				CLANG_WARN_DOCUMENTATION_COMMENTS = YES;
				CLANG_WARN_EMPTY_BODY = YES;
				CLANG_WARN_ENUM_CONVERSION = YES;
				CLANG_WARN_INFINITE_RECURSION = YES;
				CLANG_WARN_INT_CONVERSION = YES;
				CLANG_WARN_NON_LITERAL_NULL_CONVERSION = YES;
				CLANG_WARN_OBJC_IMPLICIT_RETAIN_SELF = YES;
				CLANG_WARN_OBJC_LITERAL_CONVERSION = YES;
				CLANG_WARN_OBJC_ROOT_CLASS = YES_ERROR;
				CLANG_WARN_QUOTED_INCLUDE_IN_FRAMEWORK_HEADER = YES;
				CLANG_WARN_RANGE_LOOP_ANALYSIS = YES;
				CLANG_WARN_STRICT_PROTOTYPES = YES;
				CLANG_WARN_SUSPICIOUS_MOVE = YES;
				CLANG_WARN_UNGUARDED_AVAILABILITY = YES_AGGRESSIVE;
				CLANG_WARN_UNREACHABLE_CODE = YES;
				CLANG_WARN__DUPLICATE_METHOD_MATCH = YES;
				COPY_PHASE_STRIP = NO;
				DEBUG_INFORMATION_FORMAT = dwarf;
				DEVELOPMENT_TEAM = CCZZM834QS;
				ENABLE_STRICT_OBJC_MSGSEND = YES;
				ENABLE_TESTABILITY = YES;
				ENABLE_USER_SCRIPT_SANDBOXING = YES;
				GCC_C_LANGUAGE_STANDARD = gnu17;
				GCC_DYNAMIC_NO_PIC = NO;
				GCC_NO_COMMON_BLOCKS = YES;
				GCC_OPTIMIZATION_LEVEL = 0;
				GCC_PREPROCESSOR_DEFINITIONS = (
					"DEBUG=1",
					"$(inherited)",
				);
				GCC_WARN_64_TO_32_BIT_CONVERSION = YES;
				GCC_WARN_ABOUT_RETURN_TYPE = YES_ERROR;
				GCC_WARN_UNDECLARED_SELECTOR = YES;
				GCC_WARN_UNINITIALIZED_AUTOS = YES_AGGRESSIVE;
				GCC_WARN_UNUSED_FUNCTION = YES;
				GCC_WARN_UNUSED_VARIABLE = YES;
				LOCALIZATION_PREFERS_STRING_CATALOGS = YES;
				MTL_ENABLE_DEBUG_INFO = INCLUDE_SOURCE;
				MTL_FAST_MATH = YES;
				ONLY_ACTIVE_ARCH = YES;
				SWIFT_ACTIVE_COMPILATION_CONDITIONS = "DEBUG $(inherited)";
				SWIFT_OPTIMIZATION_LEVEL = "-Onone";
			};
			name = Debug;
		};
		AFDFC8762F8A953D00B4CEE5 /* Release */ = {
			isa = XCBuildConfiguration;
			buildSettings = {
				ALWAYS_SEARCH_USER_PATHS = NO;
				ASSETCATALOG_COMPILER_GENERATE_SWIFT_ASSET_SYMBOL_EXTENSIONS = YES;
				CLANG_ANALYZER_NONNULL = YES;
				CLANG_ANALYZER_NUMBER_OBJECT_CONVERSION = YES_AGGRESSIVE;
				CLANG_CXX_LANGUAGE_STANDARD = "gnu++20";
				CLANG_ENABLE_MODULES = YES;
				CLANG_ENABLE_OBJC_ARC = YES;
				CLANG_ENABLE_OBJC_WEAK = YES;
				CLANG_WARN_BLOCK_CAPTURE_AUTORELEASING = YES;
				CLANG_WARN_BOOL_CONVERSION = YES;
				CLANG_WARN_COMMA = YES;
				CLANG_WARN_CONSTANT_CONVERSION = YES;
				CLANG_WARN_DEPRECATED_OBJC_IMPLEMENTATIONS = YES;
				CLANG_WARN_DIRECT_OBJC_ISA_USAGE = YES_ERROR;
				CLANG_WARN_DOCUMENTATION_COMMENTS = YES;
				CLANG_WARN_EMPTY_BODY = YES;
				CLANG_WARN_ENUM_CONVERSION = YES;
				CLANG_WARN_INFINITE_RECURSION = YES;
				CLANG_WARN_INT_CONVERSION = YES;
				CLANG_WARN_NON_LITERAL_NULL_CONVERSION = YES;
				CLANG_WARN_OBJC_IMPLICIT_RETAIN_SELF = YES;
				CLANG_WARN_OBJC_LITERAL_CONVERSION = YES;
				CLANG_WARN_OBJC_ROOT_CLASS = YES_ERROR;
				CLANG_WARN_QUOTED_INCLUDE_IN_FRAMEWORK_HEADER = YES;
				CLANG_WARN_RANGE_LOOP_ANALYSIS = YES;
				CLANG_WARN_STRICT_PROTOTYPES = YES;
				CLANG_WARN_SUSPICIOUS_MOVE = YES;
				CLANG_WARN_UNGUARDED_AVAILABILITY = YES_AGGRESSIVE;
				CLANG_WARN_UNREACHABLE_CODE = YES;
				CLANG_WARN__DUPLICATE_METHOD_MATCH = YES;
				COPY_PHASE_STRIP = NO;
				DEBUG_INFORMATION_FORMAT = "dwarf-with-dsym";
				DEVELOPMENT_TEAM = CCZZM834QS;
				ENABLE_NS_ASSERTIONS = NO;
				ENABLE_STRICT_OBJC_MSGSEND = YES;
				ENABLE_USER_SCRIPT_SANDBOXING = YES;
				GCC_C_LANGUAGE_STANDARD = gnu17;
				GCC_NO_COMMON_BLOCKS = YES;
				GCC_WARN_64_TO_32_BIT_CONVERSION = YES;
				GCC_WARN_ABOUT_RETURN_TYPE = YES_ERROR;
				GCC_WARN_UNDECLARED_SELECTOR = YES;
				GCC_WARN_UNINITIALIZED_AUTOS = YES_AGGRESSIVE;
				GCC_WARN_UNUSED_FUNCTION = YES;
				GCC_WARN_UNUSED_VARIABLE = YES;
				LOCALIZATION_PREFERS_STRING_CATALOGS = YES;
				MTL_ENABLE_DEBUG_INFO = NO;
				MTL_FAST_MATH = YES;
				SWIFT_COMPILATION_MODE = wholemodule;
			};
			name = Release;
		};
		AFDFC8782F8A953D00B4CEE5 /* Debug */ = {
			isa = XCBuildConfiguration;
			buildSettings = {
				ASSETCATALOG_COMPILER_APPICON_NAME = AppIcon;
				ASSETCATALOG_COMPILER_GLOBAL_ACCENT_COLOR_NAME = AccentColor;
				CODE_SIGN_ENTITLEMENTS = Goalz/Goalz.entitlements;
				CODE_SIGN_STYLE = Automatic;
				CURRENT_PROJECT_VERSION = 1;
				DEVELOPMENT_TEAM = CCZZM834QS;
				ENABLE_APP_SANDBOX = YES;
				ENABLE_HARDENED_RUNTIME = YES;
				ENABLE_PREVIEWS = YES;
				ENABLE_USER_SELECTED_FILES = readonly;
				GENERATE_INFOPLIST_FILE = YES;
				INFOPLIST_KEY_CFBundleDisplayName = "Goalz Dots";
				"INFOPLIST_KEY_UIApplicationSceneManifest_Generation[sdk=iphoneos*]" = YES;
				"INFOPLIST_KEY_UIApplicationSceneManifest_Generation[sdk=iphonesimulator*]" = YES;
				"INFOPLIST_KEY_UIApplicationSupportsIndirectInputEvents[sdk=iphoneos*]" = YES;
				"INFOPLIST_KEY_UIApplicationSupportsIndirectInputEvents[sdk=iphonesimulator*]" = YES;
				"INFOPLIST_KEY_UILaunchScreen_Generation[sdk=iphoneos*]" = YES;
				"INFOPLIST_KEY_UILaunchScreen_Generation[sdk=iphonesimulator*]" = YES;
				"INFOPLIST_KEY_UIStatusBarStyle[sdk=iphoneos*]" = UIStatusBarStyleDefault;
				"INFOPLIST_KEY_UIStatusBarStyle[sdk=iphonesimulator*]" = UIStatusBarStyleDefault;
				INFOPLIST_KEY_UISupportedInterfaceOrientations_iPad = "UIInterfaceOrientationPortrait UIInterfaceOrientationPortraitUpsideDown UIInterfaceOrientationLandscapeLeft UIInterfaceOrientationLandscapeRight";
				INFOPLIST_KEY_UISupportedInterfaceOrientations_iPhone = "UIInterfaceOrientationPortrait UIInterfaceOrientationLandscapeLeft UIInterfaceOrientationLandscapeRight";
				IPHONEOS_DEPLOYMENT_TARGET = 26.0;
				LD_RUNPATH_SEARCH_PATHS = "@executable_path/Frameworks";
				"LD_RUNPATH_SEARCH_PATHS[sdk=macosx*]" = "@executable_path/../Frameworks";
				MACOSX_DEPLOYMENT_TARGET = 15.6;
				MARKETING_VERSION = 1.0;
				PRODUCT_BUNDLE_IDENTIFIER = com.ziro.goalzdots.iphone;
				PRODUCT_NAME = "$(TARGET_NAME)";
				REGISTER_APP_GROUPS = YES;
				SDKROOT = auto;
				STRING_CATALOG_GENERATE_SYMBOLS = YES;
				SUPPORTED_PLATFORMS = "iphoneos iphonesimulator";
				SWIFT_APPROACHABLE_CONCURRENCY = YES;
				SWIFT_DEFAULT_ACTOR_ISOLATION = MainActor;
				SWIFT_EMIT_LOC_STRINGS = YES;
				SWIFT_UPCOMING_FEATURE_MEMBER_IMPORT_VISIBILITY = YES;
				SWIFT_VERSION = 5.0;
				TARGETED_DEVICE_FAMILY = 1;
				XROS_DEPLOYMENT_TARGET = 26.2;
			};
			name = Debug;
		};
		AFDFC8792F8A953D00B4CEE5 /* Release */ = {
			isa = XCBuildConfiguration;
			buildSettings = {
				ASSETCATALOG_COMPILER_APPICON_NAME = AppIcon;
				ASSETCATALOG_COMPILER_GLOBAL_ACCENT_COLOR_NAME = AccentColor;
				CODE_SIGN_ENTITLEMENTS = Goalz/Goalz.entitlements;
				CODE_SIGN_STYLE = Automatic;
				CURRENT_PROJECT_VERSION = 1;
				DEVELOPMENT_TEAM = CCZZM834QS;
				ENABLE_APP_SANDBOX = YES;
				ENABLE_HARDENED_RUNTIME = YES;
				ENABLE_PREVIEWS = YES;
				ENABLE_USER_SELECTED_FILES = readonly;
				GENERATE_INFOPLIST_FILE = YES;
				INFOPLIST_KEY_CFBundleDisplayName = "Goalz Dots";
				"INFOPLIST_KEY_UIApplicationSceneManifest_Generation[sdk=iphoneos*]" = YES;
				"INFOPLIST_KEY_UIApplicationSceneManifest_Generation[sdk=iphonesimulator*]" = YES;
				"INFOPLIST_KEY_UIApplicationSupportsIndirectInputEvents[sdk=iphoneos*]" = YES;
				"INFOPLIST_KEY_UIApplicationSupportsIndirectInputEvents[sdk=iphonesimulator*]" = YES;
				"INFOPLIST_KEY_UILaunchScreen_Generation[sdk=iphoneos*]" = YES;
				"INFOPLIST_KEY_UILaunchScreen_Generation[sdk=iphonesimulator*]" = YES;
				"INFOPLIST_KEY_UIStatusBarStyle[sdk=iphoneos*]" = UIStatusBarStyleDefault;
				"INFOPLIST_KEY_UIStatusBarStyle[sdk=iphonesimulator*]" = UIStatusBarStyleDefault;
				INFOPLIST_KEY_UISupportedInterfaceOrientations_iPad = "UIInterfaceOrientationPortrait UIInterfaceOrientationPortraitUpsideDown UIInterfaceOrientationLandscapeLeft UIInterfaceOrientationLandscapeRight";
				INFOPLIST_KEY_UISupportedInterfaceOrientations_iPhone = "UIInterfaceOrientationPortrait UIInterfaceOrientationLandscapeLeft UIInterfaceOrientationLandscapeRight";
				IPHONEOS_DEPLOYMENT_TARGET = 26.0;
				LD_RUNPATH_SEARCH_PATHS = "@executable_path/Frameworks";
				"LD_RUNPATH_SEARCH_PATHS[sdk=macosx*]" = "@executable_path/../Frameworks";
				MACOSX_DEPLOYMENT_TARGET = 15.6;
				MARKETING_VERSION = 1.0;
				PRODUCT_BUNDLE_IDENTIFIER = com.ziro.goalzdots.iphone;
				PRODUCT_NAME = "$(TARGET_NAME)";
				REGISTER_APP_GROUPS = YES;
				SDKROOT = auto;
				STRING_CATALOG_GENERATE_SYMBOLS = YES;
				SUPPORTED_PLATFORMS = "iphoneos iphonesimulator";
				SWIFT_APPROACHABLE_CONCURRENCY = YES;
				SWIFT_DEFAULT_ACTOR_ISOLATION = MainActor;
				SWIFT_EMIT_LOC_STRINGS = YES;
				SWIFT_UPCOMING_FEATURE_MEMBER_IMPORT_VISIBILITY = YES;
				SWIFT_VERSION = 5.0;
				TARGETED_DEVICE_FAMILY = 1;
				XROS_DEPLOYMENT_TARGET = 26.2;
			};
			name = Release;
		};
/* End XCBuildConfiguration section */

/* Begin XCConfigurationList section */
		0130A86D1A6A6EB4EBF4D8ED /* Build configuration list for PBXNativeTarget "GoalzWidgetExtension" */ = {
			isa = XCConfigurationList;
			buildConfigurations = (
				8099E09B960FFC1B41922FB6 /* Release */,
				A9BD25257CB2EED2380140F1 /* Debug */,
			);
			defaultConfigurationIsVisible = 0;
			defaultConfigurationName = Release;
		};
		AFDFC8672F8A953C00B4CEE5 /* Build configuration list for PBXProject "Goalz" */ = {
			isa = XCConfigurationList;
			buildConfigurations = (
				AFDFC8752F8A953D00B4CEE5 /* Debug */,
				AFDFC8762F8A953D00B4CEE5 /* Release */,
			);
			defaultConfigurationIsVisible = 0;
			defaultConfigurationName = Release;
		};
		AFDFC8772F8A953D00B4CEE5 /* Build configuration list for PBXNativeTarget "Goalz" */ = {
			isa = XCConfigurationList;
			buildConfigurations = (
				AFDFC8782F8A953D00B4CEE5 /* Debug */,
				AFDFC8792F8A953D00B4CEE5 /* Release */,
			);
			defaultConfigurationIsVisible = 0;
			defaultConfigurationName = Release;
		};
/* End XCConfigurationList section */
	};
	rootObject = AFDFC8642F8A953C00B4CEE5 /* Project object */;
}
